
Microsoft Visual Studio Solution File, Format Version 12.00
# Visual Studio Version 17
VisualStudioVersion = 17.0.31903.59
MinimumVisualStudioVersion = 10.0.40219.1
Project("{FAE04EC0-301F-11D3-BF4B-00C04F79EFBC}") = "SdlVulkan.Renderer", "src\SdlVulkan.Renderer\SdlVulkan.Renderer.csproj", "{A1B2C3D4-E5F6-7890-ABCD-EF1234567890}"
EndProject
Project("{2150E333-8FDC-42A3-9474-1A3956D46DE8}") = "src", "src", "{827E0CD3-B72D-47B6-A68D-7590B98EB39B}"
EndProject
Project("{FAE04EC0-301F-11D3-BF4B-00C04F79EFBC}") = "SdlVulkan.Renderer.Tests", "src\SdlVulkan.Renderer.Tests\SdlVulkan.Renderer.Tests.csproj", "{5948B7CD-6D89-49DE-9D96-558F4E053E4E}"
EndProject
Project("{FAE04EC0-301F-11D3-BF4B-00C04F79EFBC}") = "SdlVulkan.Renderer.WebView", "src\SdlVulkan.Renderer.WebView\SdlVulkan.Renderer.WebView.csproj", "{FE445B5C-7C46-4A55-9412-ADBA6A773F5E}"
EndProject
Project("{FAE04EC0-301F-11D3-BF4B-00C04F79EFBC}") = "SdlVulkan.Renderer.WebView.Native", "src\SdlVulkan.Renderer.WebView.Native\SdlVulkan.Renderer.WebView.Native.csproj", "{622E961C-AEFD-404D-8743-FE1D189D3E1D}"
EndProject
Global
	GlobalSection(SolutionConfigurationPlatforms) = preSolution
		Debug|Any CPU = Debug|Any CPU
		Debug|x64 = Debug|x64
		Debug|x86 = Debug|x86
		Release|Any CPU = Release|Any CPU
		Release|x64 = Release|x64
		Release|x86 = Release|x86
	EndGlobalSection
	GlobalSection(ProjectConfigurationPlatforms) = postSolution
		{A1B2C3D4-E5F6-7890-ABCD-EF1234567890}.Debug|Any CPU.ActiveCfg = Debug|Any CPU
		{A1B2C3D4-E5F6-7890-ABCD-EF1234567890}.Debug|Any CPU.Build.0 = Debug|Any CPU
		{A1B2C3D4-E5F6-7890-ABCD-EF1234567890}.Debug|x64.ActiveCfg = Debug|Any CPU
		{A1B2C3D4-E5F6-7890-ABCD-EF1234567890}.Debug|x64.Build.0 = Debug|Any CPU
		{A1B2C3D4-E5F6-7890-ABCD-EF1234567890}.Debug|x86.ActiveCfg = Debug|Any CPU
		{A1B2C3D4-E5F6-7890-ABCD-EF1234567890}.Debug|x86.Build.0 = Debug|Any CPU
		{A1B2C3D4-E5F6-7890-ABCD-EF1234567890}.Release|Any CPU.ActiveCfg = Release|Any CPU
		{A1B2C3D4-E5F6-7890-ABCD-EF1234567890}.Release|Any CPU.Build.0 = Release|Any CPU
		{A1B2C3D4-E5F6-7890-ABCD-EF1234567890}.Release|x64.ActiveCfg = Release|Any CPU
		{A1B2C3D4-E5F6-7890-ABCD-EF1234567890}.Release|x64.Build.0 = Release|Any CPU
		{A1B2C3D4-E5F6-7890-ABCD-EF1234567890}.Release|x86.ActiveCfg = Release|Any CPU
		{A1B2C3D4-E5F6-7890-ABCD-EF1234567890}.Release|x86.Build.0 = Release|Any CPU
		{5948B7CD-6D89-49DE-9D96-558F4E053E4E}.Debug|Any CPU.ActiveCfg = Debug|Any CPU
		{5948B7CD-6D89-49DE-9D96-558F4E053E4E}.Debug|Any CPU.Build.0 = Debug|Any CPU
		{5948B7CD-6D89-49DE-9D96-558F4E053E4E}.Debug|x64.ActiveCfg = Debug|Any CPU
		{5948B7CD-6D89-49DE-9D96-558F4E053E4E}.Debug|x64.Build.0 = Debug|Any CPU
		{5948B7CD-6D89-49DE-9D96-558F4E053E4E}.Debug|x86.ActiveCfg = Debug|Any CPU
		{5948B7CD-6D89-49DE-9D96-558F4E053E4E}.Debug|x86.Build.0 = Debug|Any CPU
		{5948B7CD-6D89-49DE-9D96-558F4E053E4E}.Release|Any CPU.ActiveCfg = Release|Any CPU
		{5948B7CD-6D89-49DE-9D96-558F4E053E4E}.Release|Any CPU.Build.0 = Release|Any CPU
		{5948B7CD-6D89-49DE-9D96-558F4E053E4E}.Release|x64.ActiveCfg = Release|Any CPU
		{5948B7CD-6D89-49DE-9D96-558F4E053E4E}.Release|x64.Build.0 = Release|Any CPU
		{5948B7CD-6D89-49DE-9D96-558F4E053E4E}.Release|x86.ActiveCfg = Release|Any CPU
		{5948B7CD-6D89-49DE-9D96-558F4E053E4E}.Release|x86.Build.0 = Release|Any CPU
		{FE445B5C-7C46-4A55-9412-ADBA6A773F5E}.Debug|Any CPU.ActiveCfg = Debug|Any CPU
		{FE445B5C-7C46-4A55-9412-ADBA6A773F5E}.Debug|Any CPU.Build.0 = Debug|Any CPU
		{FE445B5C-7C46-4A55-9412-ADBA6A773F5E}.Debug|x64.ActiveCfg = Debug|Any CPU
		{FE445B5C-7C46-4A55-9412-ADBA6A773F5E}.Debug|x64.Build.0 = Debug|Any CPU
		{FE445B5C-7C46-4A55-9412-ADBA6A773F5E}.Debug|x86.ActiveCfg = Debug|Any CPU
		{FE445B5C-7C46-4A55-9412-ADBA6A773F5E}.Debug|x86.Build.0 = Debug|Any CPU
		{FE445B5C-7C46-4A55-9412-ADBA6A773F5E}.Release|Any CPU.ActiveCfg = Release|Any CPU
		{FE445B5C-7C46-4A55-9412-ADBA6A773F5E}.Release|Any CPU.Build.0 = Release|Any CPU
		{FE445B5C-7C46-4A55-9412-ADBA6A773F5E}.Release|x64.ActiveCfg = Release|Any CPU
		{FE445B5C-7C46-4A55-9412-ADBA6A773F5E}.Release|x64.Build.0 = Release|Any CPU
		{FE445B5C-7C46-4A55-9412-ADBA6A773F5E}.Release|x86.ActiveCfg = Release|Any CPU
		{FE445B5C-7C46-4A55-9412-ADBA6A773F5E}.Release|x86.Build.0 = Release|Any CPU
		{622E961C-AEFD-404D-8743-FE1D189D3E1D}.Debug|Any CPU.ActiveCfg = Debug|Any CPU
		{622E961C-AEFD-404D-8743-FE1D189D3E1D}.Debug|Any CPU.Build.0 = Debug|Any CPU
		{622E961C-AEFD-404D-8743-FE1D189D3E1D}.Debug|x64.ActiveCfg = Debug|Any CPU
		{622E961C-AEFD-404D-8743-FE1D189D3E1D}.Debug|x64.Build.0 = Debug|Any CPU
		{622E961C-AEFD-404D-8743-FE1D189D3E1D}.Debug|x86.ActiveCfg = Debug|Any CPU
		{622E961C-AEFD-404D-8743-FE1D189D3E1D}.Debug|x86.Build.0 = Debug|Any CPU
		{622E961C-AEFD-404D-8743-FE1D189D3E1D}.Release|Any CPU.ActiveCfg = Release|Any CPU
		{622E961C-AEFD-404D-8743-FE1D189D3E1D}.Release|Any CPU.Build.0 = Release|Any CPU
		{622E961C-AEFD-404D-8743-FE1D189D3E1D}.Release|x64.ActiveCfg = Release|Any CPU
		{622E961C-AEFD-404D-8743-FE1D189D3E1D}.Release|x64.Build.0 = Release|Any CPU
		{622E961C-AEFD-404D-8743-FE1D189D3E1D}.Release|x86.ActiveCfg = Release|Any CPU
		{622E961C-AEFD-404D-8743-FE1D189D3E1D}.Release|x86.Build.0 = Release|Any CPU
	EndGlobalSection
	GlobalSection(SolutionProperties) = preSolution
		HideSolutionNode = FALSE
	EndGlobalSection
	GlobalSection(NestedProjects) = preSolution
		{5948B7CD-6D89-49DE-9D96-558F4E053E4E} = {827E0CD3-B72D-47B6-A68D-7590B98EB39B}
		{FE445B5C-7C46-4A55-9412-ADBA6A773F5E} = {827E0CD3-B72D-47B6-A68D-7590B98EB39B}
		{622E961C-AEFD-404D-8743-FE1D189D3E1D} = {827E0CD3-B72D-47B6-A68D-7590B98EB39B}
	EndGlobalSection
EndGlobal
